Microsoft Visual Studio Solution File, Format Version 11.00
# Visual Studio 2008

Project("{06AC556C-01F1-5F63-758B-91D37C0D8839}") = "StrategicPrototype", "Assembly-CSharp.csproj", "{CE46FD49-3E94-396D-C153-792DF29410C3}"
EndProject
Project("{06AC556C-01F1-5F63-758B-91D37C0D8839}") = "StrategicPrototype", "Assembly-CSharp-Editor.csproj", "{DAC1EE20-4FE6-2ACC-53E4-AC2C5367B6A9}"
EndProject
Global
	GlobalSection(SolutionConfigurationPlatforms) = preSolution
		Debug|Any CPU = Debug|Any CPU
		Release|Any CPU = Release|Any CPU
	EndGlobalSection
	GlobalSection(ProjectConfigurationPlatforms) = postSolution
		{CE46FD49-3E94-396D-C153-792DF29410C3}.Debug|Any CPU.ActiveCfg = Debug|Any CPU
		{CE46FD49-3E94-396D-C153-792DF29410C3}.Debug|Any CPU.Build.0 = Debug|Any CPU
		{CE46FD49-3E94-396D-C153-792DF29410C3}.Release|Any CPU.ActiveCfg = Release|Any CPU
		{CE46FD49-3E94-396D-C153-792DF29410C3}.Release|Any CPU.Build.0 = Release|Any CPU
		{DAC1EE20-4FE6-2ACC-53E4-AC2C5367B6A9}.Debug|Any CPU.ActiveCfg = Debug|Any CPU
		{DAC1EE20-4FE6-2ACC-53E4-AC2C5367B6A9}.Debug|Any CPU.Build.0 = Debug|Any CPU
		{DAC1EE20-4FE6-2ACC-53E4-AC2C5367B6A9}.Release|Any CPU.ActiveCfg = Release|Any CPU
		{DAC1EE20-4FE6-2ACC-53E4-AC2C5367B6A9}.Release|Any CPU.Build.0 = Release|Any CPU
	EndGlobalSection
	GlobalSection(SolutionProperties) = preSolution
		HideSolutionNode = FALSE
	EndGlobalSection
	GlobalSection(MonoDevelopProperties) = preSolution
		StartupItem = Assembly-CSharp.csproj
	EndGlobalSection
EndGlobal
